Microsoft Visual Studio Solution File, Format Version 12.00
# Visual Studio Version 17
VisualStudioVersion = 17.5.2.0
MinimumVisualStudioVersion = 10.0.40219.1
Project("{FAE04EC0-301F-11D3-BF4B-00C04F79EFBC}") = "Potify", "Potify\Potify.csproj", "{6DCFFA05-2A58-A202-6547-1F9F7B60F7F7}"
EndProject
Global
	GlobalSection(SolutionConfigurationPlatforms) = preSolution
		Debug|Any CPU = Debug|Any CPU
		Release|Any CPU = Release|Any CPU
	EndGlobalSection
	GlobalSection(ProjectConfigurationPlatforms) = postSolution
		{6DCFFA05-2A58-A202-6547-1F9F7B60F7F7}.Debug|Any CPU.ActiveCfg = Debug|Any CPU
		{6DCFFA05-2A58-A202-6547-1F9F7B60F7F7}.Debug|Any CPU.Build.0 = Debug|Any CPU
		{6DCFFA05-2A58-A202-6547-1F9F7B60F7F7}.Release|Any CPU.ActiveCfg = Release|Any CPU
		{6DCFFA05-2A58-A202-6547-1F9F7B60F7F7}.Release|Any CPU.Build.0 = Release|Any CPU
	EndGlobalSection
	GlobalSection(SolutionProperties) = preSolution
		HideSolutionNode = FALSE
	EndGlobalSection
	GlobalSection(ExtensibilityGlobals) = postSolution
		SolutionGuid = {898D207E-F944-4DE4-B171-A9992D9D94BD}
	EndGlobalSection
EndGlobal
